
Microsoft Visual Studio Solution File, Format Version 12.00
# Visual Studio Version 17
VisualStudioVersion = 17.2.32602.215
MinimumVisualStudioVersion = 10.0.40219.1
Project("{FAE04EC0-301F-11D3-BF4B-00C04F79EFBC}") = "groda", "groda\groda.csproj", "{30E5868B-A312-46E6-9511-0C2A0EB543D4}"
EndProject
Project("{FAE04EC0-301F-11D3-BF4B-00C04F79EFBC}") = "Calculator", "Calculator\Calculator.csproj", "{06B684D2-5B7B-47DD-BD7C-163880066AE2}"
EndProject
Project("{FAE04EC0-301F-11D3-BF4B-00C04F79EFBC}") = "Hangman", "Hangman\Hangman.csproj", "{9BBB7BD4-A281-453D-9483-29ECD78693A9}"
EndProject
Global
	GlobalSection(SolutionConfigurationPlatforms) = preSolution
		Debug|Any CPU = Debug|Any CPU
		Release|Any CPU = Release|Any CPU
	EndGlobalSection
	GlobalSection(ProjectConfigurationPlatforms) = postSolution
		{30E5868B-A312-46E6-9511-0C2A0EB543D4}.Debug|Any CPU.ActiveCfg = Debug|Any CPU
		{30E5868B-A312-46E6-9511-0C2A0EB543D4}.Debug|Any CPU.Build.0 = Debug|Any CPU
		{30E5868B-A312-46E6-9511-0C2A0EB543D4}.Release|Any CPU.ActiveCfg = Release|Any CPU
		{30E5868B-A312-46E6-9511-0C2A0EB543D4}.Release|Any CPU.Build.0 = Release|Any CPU
		{06B684D2-5B7B-47DD-BD7C-163880066AE2}.Debug|Any CPU.ActiveCfg = Debug|Any CPU
		{06B684D2-5B7B-47DD-BD7C-163880066AE2}.Debug|Any CPU.Build.0 = Debug|Any CPU
		{06B684D2-5B7B-47DD-BD7C-163880066AE2}.Release|Any CPU.ActiveCfg = Release|Any CPU
		{06B684D2-5B7B-47DD-BD7C-163880066AE2}.Release|Any CPU.Build.0 = Release|Any CPU
		{9BBB7BD4-A281-453D-9483-29ECD78693A9}.Debug|Any CPU.ActiveCfg = Debug|Any CPU
		{9BBB7BD4-A281-453D-9483-29ECD78693A9}.Debug|Any CPU.Build.0 = Debug|Any CPU
		{9BBB7BD4-A281-453D-9483-29ECD78693A9}.Release|Any CPU.ActiveCfg = Release|Any CPU
		{9BBB7BD4-A281-453D-9483-29ECD78693A9}.Release|Any CPU.Build.0 = Release|Any CPU
	EndGlobalSection
	GlobalSection(SolutionProperties) = preSolution
		HideSolutionNode = FALSE
	EndGlobalSection
	GlobalSection(ExtensibilityGlobals) = postSolution
		SolutionGuid = {F85F8028-45C0-4389-8D89-AE9B8DAE68D1}
	EndGlobalSection
EndGlobal
